Microsoft Visual Studio Solution File, Format Version 12.00
# Visual Studio Version 17
VisualStudioVersion = 17.8.0.0
MinimumVisualStudioVersion = 17.8.0.0
Project("{9A19103F-16F7-4668-BE54-9A1E7A4F7556}") = "AspireSample.AppHost", "AspireSample.AppHost\AspireSample.AppHost.csproj", "{307E2EA5-C4B8-4779-956B-4A1AD0FD1B7B}"
EndProject
Project("{9A19103F-16F7-4668-BE54-9A1E7A4F7556}") = "AspireSample.ServiceDefaults", "AspireSample.ServiceDefaults\AspireSample.ServiceDefaults.csproj", "{ECF32853-1227-4F18-BE76-2878161B4B62}"
EndProject
Project("{9A19103F-16F7-4668-BE54-9A1E7A4F7556}") = "AspireSample.ApiService", "AspireSample.ApiService\AspireSample.ApiService.csproj", "{2D1AAFC0-5EA4-4D5C-A405-BBB80BA937A0}"
EndProject
Project("{9A19103F-16F7-4668-BE54-9A1E7A4F7556}") = "AspireSample.Web", "AspireSample.Web\AspireSample.Web.csproj", "{ED053EC8-0D3F-41E3-A9AD-301C3CC38872}"
EndProject
Global
	GlobalSection(SolutionConfigurationPlatforms) = preSolution
		Debug|Any CPU = Debug|Any CPU
		Release|Any CPU = Release|Any CPU
	EndGlobalSection
	GlobalSection(ProjectConfigurationPlatforms) = postSolution
		{307E2EA5-C4B8-4779-956B-4A1AD0FD1B7B}.Debug|Any CPU.ActiveCfg = Debug|Any CPU
		{307E2EA5-C4B8-4779-956B-4A1AD0FD1B7B}.Debug|Any CPU.Build.0 = Debug|Any CPU
		{307E2EA5-C4B8-4779-956B-4A1AD0FD1B7B}.Release|Any CPU.ActiveCfg = Release|Any CPU
		{307E2EA5-C4B8-4779-956B-4A1AD0FD1B7B}.Release|Any CPU.Build.0 = Release|Any CPU
		{ECF32853-1227-4F18-BE76-2878161B4B62}.Debug|Any CPU.ActiveCfg = Debug|Any CPU
		{ECF32853-1227-4F18-BE76-2878161B4B62}.Debug|Any CPU.Build.0 = Debug|Any CPU
		{ECF32853-1227-4F18-BE76-2878161B4B62}.Release|Any CPU.ActiveCfg = Release|Any CPU
		{ECF32853-1227-4F18-BE76-2878161B4B62}.Release|Any CPU.Build.0 = Release|Any CPU
		{2D1AAFC0-5EA4-4D5C-A405-BBB80BA937A0}.Debug|Any CPU.ActiveCfg = Debug|Any CPU
		{2D1AAFC0-5EA4-4D5C-A405-BBB80BA937A0}.Debug|Any CPU.Build.0 = Debug|Any CPU
		{2D1AAFC0-5EA4-4D5C-A405-BBB80BA937A0}.Release|Any CPU.ActiveCfg = Release|Any CPU
		{2D1AAFC0-5EA4-4D5C-A405-BBB80BA937A0}.Release|Any CPU.Build.0 = Release|Any CPU
		{ED053EC8-0D3F-41E3-A9AD-301C3CC38872}.Debug|Any CPU.ActiveCfg = Debug|Any CPU
		{ED053EC8-0D3F-41E3-A9AD-301C3CC38872}.Debug|Any CPU.Build.0 = Debug|Any CPU
		{ED053EC8-0D3F-41E3-A9AD-301C3CC38872}.Release|Any CPU.ActiveCfg = Release|Any CPU
		{ED053EC8-0D3F-41E3-A9AD-301C3CC38872}.Release|Any CPU.Build.0 = Release|Any CPU
	EndGlobalSection
	GlobalSection(SolutionProperties) = preSolution
		HideSolutionNode = FALSE
	EndGlobalSection
	GlobalSection(ExtensibilityGlobals) = postSolution
		SolutionGuid = {275291C1-FBC3-426B-A60B-440D907A5346}
	EndGlobalSection
EndGlobal
